<?xml version="1.0" encoding="utf-8"?>
<Project ToolsVersion="Current" xmlns="http://schemas.microsoft.com/developer/msbuild/2003">
  <ItemGroup>
    <Filter Include="c">
      <UniqueIdentifier>{d0077af0-c80c-4b94-b241-719b8d81a8da}</UniqueIdentifier>
    </Filter>
    <Filter Include="hlsl">
      <UniqueIdentifier>{7fa9c078-e133-442e-bdd0-fe559bc08a27}</UniqueIdentifier>
    </Filter>
    <Filter Include="tests">
      <UniqueIdentifier>{34d68015-5245-4c7c-89dc-e15c69c35e37}</UniqueIdentifier>
    </Filter>
  </ItemGroup>
  <ItemGroup>
    <ClInclude Include="..\src\cgltf.h" />
    <ClInclude Include="..\src\mz_direct3d12.h" />
    <ClInclude Include="..\src\mz_libc.h" />
    <ClInclude Include="..\src\mz_library.h" />
    <ClInclude Include="..\src\stb_ds.h" />
    <ClInclude Include="..\src\stb_image.h" />
    <ClInclude Include="..\src\mz_types.h" />
    <ClInclude Include="..\src\mz_windows.h" />
    <ClInclude Include="..\src\tests\mz_test1.h">
      <Filter>tests</Filter>
    </ClInclude>
  </ItemGroup>
  <ItemGroup>
    <ClCompile Include="..\src\main.c" />
    <ClCompile Include="..\src\c\cgltf.c">
      <Filter>c</Filter>
    </ClCompile>
    <ClCompile Include="..\src\c\mz_direct3d12.c">
      <Filter>c</Filter>
    </ClCompile>
    <ClCompile Include="..\src\c\mz_library.c">
      <Filter>c</Filter>
    </ClCompile>
    <ClCompile Include="..\src\c\stb_ds.c">
      <Filter>c</Filter>
    </ClCompile>
    <ClCompile Include="..\src\c\stb_image.c">
      <Filter>c</Filter>
    </ClCompile>
  </ItemGroup>
  <ItemGroup>
    <FxCompile Include="..\src\hlsl\generate_mipmaps.hlsl">
      <Filter>hlsl</Filter>
    </FxCompile>
  </ItemGroup>
</Project>